
Microsoft Visual Studio Solution File, Format Version 12.00
Project("{FAE04EC0-301F-11D3-BF4B-00C04F79EFBC}") = "Evaluacion-2", "Evaluacion-2\Evaluacion-2.csproj", "{1CEA27F8-953F-429F-B685-49D1A363A858}"
EndProject
Global
	GlobalSection(SolutionConfigurationPlatforms) = preSolution
		Debug|Any CPU = Debug|Any CPU
		Release|Any CPU = Release|Any CPU
	EndGlobalSection
	GlobalSection(ProjectConfigurationPlatforms) = postSolution
		{1CEA27F8-953F-429F-B685-49D1A363A858}.Debug|Any CPU.ActiveCfg = Debug|Any CPU
		{1CEA27F8-953F-429F-B685-49D1A363A858}.Debug|Any CPU.Build.0 = Debug|Any CPU
		{1CEA27F8-953F-429F-B685-49D1A363A858}.Release|Any CPU.ActiveCfg = Release|Any CPU
		{1CEA27F8-953F-429F-B685-49D1A363A858}.Release|Any CPU.Build.0 = Release|Any CPU
	EndGlobalSection
EndGlobal
