
Microsoft Visual Studio Solution File, Format Version 12.00
# Visual Studio Version 17
VisualStudioVersion = 17.2.32516.85
MinimumVisualStudioVersion = 10.0.40219.1
Project("{FAE04EC0-301F-11D3-BF4B-00C04F79EFBC}") = "Project-1", "Project-1\Project-1.csproj", "{C9A37B14-7099-425B-86A5-81F2D3FC48BE}"
EndProject
Project("{FAE04EC0-301F-11D3-BF4B-00C04F79EFBC}") = "Ejercicio-1", "Ejercicio-1\Ejercicio-1.csproj", "{4E01F8C7-3379-4DE4-BC9B-ED7FAF28EEC0}"
EndProject
Global
	GlobalSection(SolutionConfigurationPlatforms) = preSolution
		Debug|Any CPU = Debug|Any CPU
		Release|Any CPU = Release|Any CPU
	EndGlobalSection
	GlobalSection(ProjectConfigurationPlatforms) = postSolution
		{C9A37B14-7099-425B-86A5-81F2D3FC48BE}.Debug|Any CPU.ActiveCfg = Debug|Any CPU
		{C9A37B14-7099-425B-86A5-81F2D3FC48BE}.Debug|Any CPU.Build.0 = Debug|Any CPU
		{C9A37B14-7099-425B-86A5-81F2D3FC48BE}.Release|Any CPU.ActiveCfg = Release|Any CPU
		{C9A37B14-7099-425B-86A5-81F2D3FC48BE}.Release|Any CPU.Build.0 = Release|Any CPU
		{4E01F8C7-3379-4DE4-BC9B-ED7FAF28EEC0}.Debug|Any CPU.ActiveCfg = Debug|Any CPU
		{4E01F8C7-3379-4DE4-BC9B-ED7FAF28EEC0}.Debug|Any CPU.Build.0 = Debug|Any CPU
		{4E01F8C7-3379-4DE4-BC9B-ED7FAF28EEC0}.Release|Any CPU.ActiveCfg = Release|Any CPU
		{4E01F8C7-3379-4DE4-BC9B-ED7FAF28EEC0}.Release|Any CPU.Build.0 = Release|Any CPU
	EndGlobalSection
	GlobalSection(SolutionProperties) = preSolution
		HideSolutionNode = FALSE
	EndGlobalSection
	GlobalSection(ExtensibilityGlobals) = postSolution
		SolutionGuid = {F600B283-541B-4095-B145-7B060BFB2939}
	EndGlobalSection
EndGlobal
